
Microsoft Visual Studio Solution File, Format Version 12.00
# Visual Studio Version 16
VisualStudioVersion = 16.0.30204.135
MinimumVisualStudioVersion = 10.0.40219.1
Project("{FAE04EC0-301F-11D3-BF4B-00C04F79EFBC}") = "Cflow and Calli Remover", "Cflow and Calli Remover.csproj", "{A821266F-FBB0-4375-9292-F89C5DBBA04F}"
EndProject
Global
	GlobalSection(SolutionConfigurationPlatforms) = preSolution
		Debug|Any CPU = Debug|Any CPU
		Release|Any CPU = Release|Any CPU
	EndGlobalSection
	GlobalSection(ProjectConfigurationPlatforms) = postSolution
		{A821266F-FBB0-4375-9292-F89C5DBBA04F}.Debug|Any CPU.ActiveCfg = Debug|Any CPU
		{A821266F-FBB0-4375-9292-F89C5DBBA04F}.Debug|Any CPU.Build.0 = Debug|Any CPU
		{A821266F-FBB0-4375-9292-F89C5DBBA04F}.Release|Any CPU.ActiveCfg = Release|Any CPU
		{A821266F-FBB0-4375-9292-F89C5DBBA04F}.Release|Any CPU.Build.0 = Release|Any CPU
	EndGlobalSection
	GlobalSection(SolutionProperties) = preSolution
		HideSolutionNode = FALSE
	EndGlobalSection
	GlobalSection(ExtensibilityGlobals) = postSolution
		SolutionGuid = {633C9178-A8FE-4D24-A60E-BD45A95F94FB}
	EndGlobalSection
EndGlobal
